
Microsoft Visual Studio Solution File, Format Version 12.00
Project("{FAE04EC0-301F-11D3-BF4B-00C04F79EFBC}") = "everybody-2024", "everybody-2024\everybody-2024.csproj", "{634EF71D-F5F6-4C42-AEFB-775253E73295}"
EndProject
Global
	GlobalSection(SolutionConfigurationPlatforms) = preSolution
		Debug|Any CPU = Debug|Any CPU
		Release|Any CPU = Release|Any CPU
	EndGlobalSection
	GlobalSection(ProjectConfigurationPlatforms) = postSolution
		{634EF71D-F5F6-4C42-AEFB-775253E73295}.Debug|Any CPU.ActiveCfg = Debug|Any CPU
		{634EF71D-F5F6-4C42-AEFB-775253E73295}.Debug|Any CPU.Build.0 = Debug|Any CPU
		{634EF71D-F5F6-4C42-AEFB-775253E73295}.Release|Any CPU.ActiveCfg = Release|Any CPU
		{634EF71D-F5F6-4C42-AEFB-775253E73295}.Release|Any CPU.Build.0 = Release|Any CPU
	EndGlobalSection
EndGlobal
